
Microsoft Visual Studio Solution File, Format Version 12.00
# Visual Studio Version 16
VisualStudioVersion = 16.0.31624.102
MinimumVisualStudioVersion = 10.0.40219.1
Project("{FAE04EC0-301F-11D3-BF4B-00C04F79EFBC}") = "lab-2", "lab-2\lab-2.csproj", "{3E629A10-09B7-49BF-82C1-F1EE930D0BB8}"
EndProject
Project("{FAE04EC0-301F-11D3-BF4B-00C04F79EFBC}") = "Lab2-2", "Lab2-2\Lab2-2.csproj", "{9B910A8C-6EF1-4961-BCA9-0D7A54EFD524}"
EndProject
Project("{FAE04EC0-301F-11D3-BF4B-00C04F79EFBC}") = "Lab2-3", "Lab2-3\Lab2-3.csproj", "{76293A93-2BF6-4218-B719-2D4BBB63203E}"
EndProject
Project("{FAE04EC0-301F-11D3-BF4B-00C04F79EFBC}") = "lab2-4", "lab2-4\lab2-4.csproj", "{D2239039-6BF3-49AF-980F-22116B360E97}"
EndProject
Global
	GlobalSection(SolutionConfigurationPlatforms) = preSolution
		Debug|Any CPU = Debug|Any CPU
		Release|Any CPU = Release|Any CPU
	EndGlobalSection
	GlobalSection(ProjectConfigurationPlatforms) = postSolution
		{3E629A10-09B7-49BF-82C1-F1EE930D0BB8}.Debug|Any CPU.ActiveCfg = Debug|Any CPU
		{3E629A10-09B7-49BF-82C1-F1EE930D0BB8}.Debug|Any CPU.Build.0 = Debug|Any CPU
		{3E629A10-09B7-49BF-82C1-F1EE930D0BB8}.Release|Any CPU.ActiveCfg = Release|Any CPU
		{3E629A10-09B7-49BF-82C1-F1EE930D0BB8}.Release|Any CPU.Build.0 = Release|Any CPU
		{9B910A8C-6EF1-4961-BCA9-0D7A54EFD524}.Debug|Any CPU.ActiveCfg = Debug|Any CPU
		{9B910A8C-6EF1-4961-BCA9-0D7A54EFD524}.Debug|Any CPU.Build.0 = Debug|Any CPU
		{9B910A8C-6EF1-4961-BCA9-0D7A54EFD524}.Release|Any CPU.ActiveCfg = Release|Any CPU
		{9B910A8C-6EF1-4961-BCA9-0D7A54EFD524}.Release|Any CPU.Build.0 = Release|Any CPU
		{76293A93-2BF6-4218-B719-2D4BBB63203E}.Debug|Any CPU.ActiveCfg = Debug|Any CPU
		{76293A93-2BF6-4218-B719-2D4BBB63203E}.Debug|Any CPU.Build.0 = Debug|Any CPU
		{76293A93-2BF6-4218-B719-2D4BBB63203E}.Release|Any CPU.ActiveCfg = Release|Any CPU
		{76293A93-2BF6-4218-B719-2D4BBB63203E}.Release|Any CPU.Build.0 = Release|Any CPU
		{D2239039-6BF3-49AF-980F-22116B360E97}.Debug|Any CPU.ActiveCfg = Debug|Any CPU
		{D2239039-6BF3-49AF-980F-22116B360E97}.Debug|Any CPU.Build.0 = Debug|Any CPU
		{D2239039-6BF3-49AF-980F-22116B360E97}.Release|Any CPU.ActiveCfg = Release|Any CPU
		{D2239039-6BF3-49AF-980F-22116B360E97}.Release|Any CPU.Build.0 = Release|Any CPU
	EndGlobalSection
	GlobalSection(SolutionProperties) = preSolution
		HideSolutionNode = FALSE
	EndGlobalSection
	GlobalSection(ExtensibilityGlobals) = postSolution
		SolutionGuid = {EB575B7F-46D2-43EE-9E1C-F6BDF6FCE8FD}
	EndGlobalSection
EndGlobal
